Microsoft Visual Studio Solution File, Format Version 11.00
# Visual Studio 2008

Project("{E36D6B92-244A-3C8E-9C15-E8AB7C241239}") = "novamatch", "Assembly-CSharp.csproj", "{A6D2BB6F-4CF3-56C9-A622-E2E91ACFC028}"
EndProject
Global
	GlobalSection(SolutionConfigurationPlatforms) = preSolution
		Debug|Any CPU = Debug|Any CPU
		Release|Any CPU = Release|Any CPU
	EndGlobalSection
	GlobalSection(ProjectConfigurationPlatforms) = postSolution
		{A6D2BB6F-4CF3-56C9-A622-E2E91ACFC028}.Debug|Any CPU.ActiveCfg = Debug|Any CPU
		{A6D2BB6F-4CF3-56C9-A622-E2E91ACFC028}.Debug|Any CPU.Build.0 = Debug|Any CPU
		{A6D2BB6F-4CF3-56C9-A622-E2E91ACFC028}.Release|Any CPU.ActiveCfg = Release|Any CPU
		{A6D2BB6F-4CF3-56C9-A622-E2E91ACFC028}.Release|Any CPU.Build.0 = Release|Any CPU
	EndGlobalSection
	GlobalSection(SolutionProperties) = preSolution
		HideSolutionNode = FALSE
	EndGlobalSection
										GlobalSection(MonoDevelopProperties) = preSolution
		StartupItem = Assembly-CSharp.csproj
		Policies = $0
		$0.TextStylePolicy = $1
		$1.inheritsSet = null
		$1.scope = text/x-csharp
		$0.CSharpFormattingPolicy = $2
		$2.inheritsSet = Mono
		$2.inheritsScope = text/x-csharp
		$2.scope = text/x-csharp
		$0.TextStylePolicy = $3
		$3.FileWidth = 120
		$3.TabWidth = 4
		$3.IndentWidth = 4
		$3.EolMarker = Unix
		$3.inheritsSet = Mono
		$3.inheritsScope = text/plain
		$3.scope = text/plain
	EndGlobalSection

EndGlobal
